
Microsoft Visual Studio Solution File, Format Version 12.00
# Visual Studio Version 17
VisualStudioVersion = 17.5.33424.131
MinimumVisualStudioVersion = 10.0.40219.1
Project("{FAE04EC0-301F-11D3-BF4B-00C04F79EFBC}") = "WinFormsApp8", "WinFormsApp8\WinFormsApp8.csproj", "{3675A11D-2224-4C75-9AA9-91864BC9A97C}"
EndProject
Global
	GlobalSection(SolutionConfigurationPlatforms) = preSolution
		Debug|Any CPU = Debug|Any CPU
		Release|Any CPU = Release|Any CPU
	EndGlobalSection
	GlobalSection(ProjectConfigurationPlatforms) = postSolution
		{3675A11D-2224-4C75-9AA9-91864BC9A97C}.Debug|Any CPU.ActiveCfg = Debug|Any CPU
		{3675A11D-2224-4C75-9AA9-91864BC9A97C}.Debug|Any CPU.Build.0 = Debug|Any CPU
		{3675A11D-2224-4C75-9AA9-91864BC9A97C}.Release|Any CPU.ActiveCfg = Release|Any CPU
		{3675A11D-2224-4C75-9AA9-91864BC9A97C}.Release|Any CPU.Build.0 = Release|Any CPU
	EndGlobalSection
	GlobalSection(SolutionProperties) = preSolution
		HideSolutionNode = FALSE
	EndGlobalSection
	GlobalSection(ExtensibilityGlobals) = postSolution
		SolutionGuid = {63119868-1DC5-40E1-92BC-3F1F48BA7BB5}
	EndGlobalSection
EndGlobal
